
Microsoft Visual Studio Solution File, Format Version 12.00
# Visual Studio Version 16
VisualStudioVersion = 16.0.31313.79
MinimumVisualStudioVersion = 10.0.40219.1
Project("{8BC9CEB8-8B4A-11D0-8D11-00A0C91BC942}") = "CraftonAnnaHeloWorld2.1", "CraftonAnnaHeloWorld2.1\CraftonAnnaHeloWorld2.1.vcxproj", "{C6B21A7B-E1D1-4BC4-BA33-1391612332CB}"
EndProject
Global
	GlobalSection(SolutionConfigurationPlatforms) = preSolution
		Debug|x64 = Debug|x64
		Debug|x86 = Debug|x86
		Release|x64 = Release|x64
		Release|x86 = Release|x86
	EndGlobalSection
	GlobalSection(ProjectConfigurationPlatforms) = postSolution
		{C6B21A7B-E1D1-4BC4-BA33-1391612332CB}.Debug|x64.ActiveCfg = Debug|x64
		{C6B21A7B-E1D1-4BC4-BA33-1391612332CB}.Debug|x64.Build.0 = Debug|x64
		{C6B21A7B-E1D1-4BC4-BA33-1391612332CB}.Debug|x86.ActiveCfg = Debug|Win32
		{C6B21A7B-E1D1-4BC4-BA33-1391612332CB}.Debug|x86.Build.0 = Debug|Win32
		{C6B21A7B-E1D1-4BC4-BA33-1391612332CB}.Release|x64.ActiveCfg = Release|x64
		{C6B21A7B-E1D1-4BC4-BA33-1391612332CB}.Release|x64.Build.0 = Release|x64
		{C6B21A7B-E1D1-4BC4-BA33-1391612332CB}.Release|x86.ActiveCfg = Release|Win32
		{C6B21A7B-E1D1-4BC4-BA33-1391612332CB}.Release|x86.Build.0 = Release|Win32
	EndGlobalSection
	GlobalSection(SolutionProperties) = preSolution
		HideSolutionNode = FALSE
	EndGlobalSection
	GlobalSection(ExtensibilityGlobals) = postSolution
		SolutionGuid = {EA290B92-43DC-464B-8FC5-A96C30D62540}
	EndGlobalSection
EndGlobal
